
Microsoft Visual Studio Solution File, Format Version 12.00
# Visual Studio Version 17
VisualStudioVersion = 17.2.32616.157
MinimumVisualStudioVersion = 10.0.40219.1
Project("{FAE04EC0-301F-11D3-BF4B-00C04F79EFBC}") = "API", "API\API.csproj", "{8853B2D0-F20D-4C70-B163-0CEEC30CE14A}"
EndProject
Global
	GlobalSection(SolutionConfigurationPlatforms) = preSolution
		Debug|Any CPU = Debug|Any CPU
		Release|Any CPU = Release|Any CPU
	EndGlobalSection
	GlobalSection(ProjectConfigurationPlatforms) = postSolution
		{8853B2D0-F20D-4C70-B163-0CEEC30CE14A}.Debug|Any CPU.ActiveCfg = Debug|Any CPU
		{8853B2D0-F20D-4C70-B163-0CEEC30CE14A}.Debug|Any CPU.Build.0 = Debug|Any CPU
		{8853B2D0-F20D-4C70-B163-0CEEC30CE14A}.Release|Any CPU.ActiveCfg = Release|Any CPU
		{8853B2D0-F20D-4C70-B163-0CEEC30CE14A}.Release|Any CPU.Build.0 = Release|Any CPU
	EndGlobalSection
	GlobalSection(SolutionProperties) = preSolution
		HideSolutionNode = FALSE
	EndGlobalSection
	GlobalSection(ExtensibilityGlobals) = postSolution
		SolutionGuid = {7983BCD2-A3B7-46B1-8540-EC02BA6FBA00}
	EndGlobalSection
EndGlobal
