
Microsoft Visual Studio Solution File, Format Version 12.00
# Visual Studio Version 16
VisualStudioVersion = 16.0.31025.194
MinimumVisualStudioVersion = 10.0.40219.1
Project("{FAE04EC0-301F-11D3-BF4B-00C04F79EFBC}") = "Lab2Web", "Lab2Web\Lab2Web.csproj", "{7B80B24B-3C7F-4941-907E-A617E74748FC}"
EndProject
Global
	GlobalSection(SolutionConfigurationPlatforms) = preSolution
		Debug|Any CPU = Debug|Any CPU
		Release|Any CPU = Release|Any CPU
	EndGlobalSection
	GlobalSection(ProjectConfigurationPlatforms) = postSolution
		{7B80B24B-3C7F-4941-907E-A617E74748FC}.Debug|Any CPU.ActiveCfg = Debug|Any CPU
		{7B80B24B-3C7F-4941-907E-A617E74748FC}.Debug|Any CPU.Build.0 = Debug|Any CPU
		{7B80B24B-3C7F-4941-907E-A617E74748FC}.Release|Any CPU.ActiveCfg = Release|Any CPU
		{7B80B24B-3C7F-4941-907E-A617E74748FC}.Release|Any CPU.Build.0 = Release|Any CPU
	EndGlobalSection
	GlobalSection(SolutionProperties) = preSolution
		HideSolutionNode = FALSE
	EndGlobalSection
	GlobalSection(ExtensibilityGlobals) = postSolution
		SolutionGuid = {88C865F3-CD1B-4154-8C63-2C598A0EB1D6}
	EndGlobalSection
EndGlobal
