
Microsoft Visual Studio Solution File, Format Version 12.00
# Visual Studio Version 16
VisualStudioVersion = 16.0.31702.278
MinimumVisualStudioVersion = 10.0.40219.1
Project("{FAE04EC0-301F-11D3-BF4B-00C04F79EFBC}") = "proiectASP", "proiectASP\proiectASP.csproj", "{C9F92FA4-12EE-4A4E-AA51-9FF0FFA6E66C}"
EndProject
Global
	GlobalSection(SolutionConfigurationPlatforms) = preSolution
		Debug|Any CPU = Debug|Any CPU
		Release|Any CPU = Release|Any CPU
	EndGlobalSection
	GlobalSection(ProjectConfigurationPlatforms) = postSolution
		{C9F92FA4-12EE-4A4E-AA51-9FF0FFA6E66C}.Debug|Any CPU.ActiveCfg = Debug|Any CPU
		{C9F92FA4-12EE-4A4E-AA51-9FF0FFA6E66C}.Debug|Any CPU.Build.0 = Debug|Any CPU
		{C9F92FA4-12EE-4A4E-AA51-9FF0FFA6E66C}.Release|Any CPU.ActiveCfg = Release|Any CPU
		{C9F92FA4-12EE-4A4E-AA51-9FF0FFA6E66C}.Release|Any CPU.Build.0 = Release|Any CPU
	EndGlobalSection
	GlobalSection(SolutionProperties) = preSolution
		HideSolutionNode = FALSE
	EndGlobalSection
	GlobalSection(ExtensibilityGlobals) = postSolution
		SolutionGuid = {FB7B2AF1-B390-423E-B819-4EFA61CF7BA9}
	EndGlobalSection
EndGlobal
