
Microsoft Visual Studio Solution File, Format Version 12.00
# Visual Studio Version 17
VisualStudioVersion = 17.2.32630.192
MinimumVisualStudioVersion = 10.0.40219.1
Project("{9A19103F-16F7-4668-BE54-9A1E7A4F7556}") = "EstateApp.Domain", "EstateApp.Domain\EstateApp.Domain.csproj", "{C3917657-06A7-4C1A-82A9-DFD41AB72828}"
EndProject
Project("{9A19103F-16F7-4668-BE54-9A1E7A4F7556}") = "EstateApp.Infrastructure", "EstateApp.Infrastructure\EstateApp.Infrastructure.csproj", "{5E956FC2-62EC-4B12-92EE-ABB4634E0F4C}"
	ProjectSection(ProjectDependencies) = postProject
		{C3917657-06A7-4C1A-82A9-DFD41AB72828} = {C3917657-06A7-4C1A-82A9-DFD41AB72828}
		{DCECA1F9-B213-4040-9726-25E700A1C14A} = {DCECA1F9-B213-4040-9726-25E700A1C14A}
	EndProjectSection
EndProject
Project("{9A19103F-16F7-4668-BE54-9A1E7A4F7556}") = "EstateApp.Aplication", "BiddingApp.Aplication\EstateApp.Aplication.csproj", "{DCECA1F9-B213-4040-9726-25E700A1C14A}"
	ProjectSection(ProjectDependencies) = postProject
		{C3917657-06A7-4C1A-82A9-DFD41AB72828} = {C3917657-06A7-4C1A-82A9-DFD41AB72828}
	EndProjectSection
EndProject
Project("{9A19103F-16F7-4668-BE54-9A1E7A4F7556}") = "EstateApp.API", "EstateApp.API\EstateApp.API.csproj", "{B7DD2471-1E31-45ED-9C33-7D41E221E8EC}"
	ProjectSection(ProjectDependencies) = postProject
		{5E956FC2-62EC-4B12-92EE-ABB4634E0F4C} = {5E956FC2-62EC-4B12-92EE-ABB4634E0F4C}
		{C3917657-06A7-4C1A-82A9-DFD41AB72828} = {C3917657-06A7-4C1A-82A9-DFD41AB72828}
		{DCECA1F9-B213-4040-9726-25E700A1C14A} = {DCECA1F9-B213-4040-9726-25E700A1C14A}
	EndProjectSection
EndProject
Project("{FAE04EC0-301F-11D3-BF4B-00C04F79EFBC}") = "EstateAppUnitTests", "EstateAppUnitTests\EstateAppUnitTests.csproj", "{DEEBFA29-0FC3-46B2-8DDE-895E5CF3C24D}"
	ProjectSection(ProjectDependencies) = postProject
		{5E956FC2-62EC-4B12-92EE-ABB4634E0F4C} = {5E956FC2-62EC-4B12-92EE-ABB4634E0F4C}
	EndProjectSection
EndProject
Global
	GlobalSection(SolutionConfigurationPlatforms) = preSolution
		Debug|Any CPU = Debug|Any CPU
		Release|Any CPU = Release|Any CPU
	EndGlobalSection
	GlobalSection(ProjectConfigurationPlatforms) = postSolution
		{C3917657-06A7-4C1A-82A9-DFD41AB72828}.Debug|Any CPU.ActiveCfg = Debug|Any CPU
		{C3917657-06A7-4C1A-82A9-DFD41AB72828}.Debug|Any CPU.Build.0 = Debug|Any CPU
		{C3917657-06A7-4C1A-82A9-DFD41AB72828}.Release|Any CPU.ActiveCfg = Release|Any CPU
		{C3917657-06A7-4C1A-82A9-DFD41AB72828}.Release|Any CPU.Build.0 = Release|Any CPU
		{5E956FC2-62EC-4B12-92EE-ABB4634E0F4C}.Debug|Any CPU.ActiveCfg = Debug|Any CPU
		{5E956FC2-62EC-4B12-92EE-ABB4634E0F4C}.Debug|Any CPU.Build.0 = Debug|Any CPU
		{5E956FC2-62EC-4B12-92EE-ABB4634E0F4C}.Release|Any CPU.ActiveCfg = Release|Any CPU
		{5E956FC2-62EC-4B12-92EE-ABB4634E0F4C}.Release|Any CPU.Build.0 = Release|Any CPU
		{DCECA1F9-B213-4040-9726-25E700A1C14A}.Debug|Any CPU.ActiveCfg = Debug|Any CPU
		{DCECA1F9-B213-4040-9726-25E700A1C14A}.Debug|Any CPU.Build.0 = Debug|Any CPU
		{DCECA1F9-B213-4040-9726-25E700A1C14A}.Release|Any CPU.ActiveCfg = Release|Any CPU
		{DCECA1F9-B213-4040-9726-25E700A1C14A}.Release|Any CPU.Build.0 = Release|Any CPU
		{B7DD2471-1E31-45ED-9C33-7D41E221E8EC}.Debug|Any CPU.ActiveCfg = Debug|Any CPU
		{B7DD2471-1E31-45ED-9C33-7D41E221E8EC}.Debug|Any CPU.Build.0 = Debug|Any CPU
		{B7DD2471-1E31-45ED-9C33-7D41E221E8EC}.Release|Any CPU.ActiveCfg = Release|Any CPU
		{B7DD2471-1E31-45ED-9C33-7D41E221E8EC}.Release|Any CPU.Build.0 = Release|Any CPU
		{DEEBFA29-0FC3-46B2-8DDE-895E5CF3C24D}.Debug|Any CPU.ActiveCfg = Debug|Any CPU
		{DEEBFA29-0FC3-46B2-8DDE-895E5CF3C24D}.Debug|Any CPU.Build.0 = Debug|Any CPU
		{DEEBFA29-0FC3-46B2-8DDE-895E5CF3C24D}.Release|Any CPU.ActiveCfg = Release|Any CPU
		{DEEBFA29-0FC3-46B2-8DDE-895E5CF3C24D}.Release|Any CPU.Build.0 = Release|Any CPU
	EndGlobalSection
	GlobalSection(SolutionProperties) = preSolution
		HideSolutionNode = FALSE
	EndGlobalSection
	GlobalSection(ExtensibilityGlobals) = postSolution
		SolutionGuid = {B1C31D18-3EEE-4F13-943C-F3E050DA651C}
	EndGlobalSection
EndGlobal
